
Microsoft Visual Studio Solution File, Format Version 12.00
# Visual Studio Version 17
VisualStudioVersion = 17.7.34202.233
MinimumVisualStudioVersion = 10.0.40219.1
Project("{FAE04EC0-301F-11D3-BF4B-00C04F79EFBC}") = "HelloApp7", "HelloApp7\HelloApp7.csproj", "{18842B75-1A4F-4D2D-97CD-36CB21BC352D}"
EndProject
Global
	GlobalSection(SolutionConfigurationPlatforms) = preSolution
		Debug|Any CPU = Debug|Any CPU
		Release|Any CPU = Release|Any CPU
	EndGlobalSection
	GlobalSection(ProjectConfigurationPlatforms) = postSolution
		{18842B75-1A4F-4D2D-97CD-36CB21BC352D}.Debug|Any CPU.ActiveCfg = Debug|Any CPU
		{18842B75-1A4F-4D2D-97CD-36CB21BC352D}.Debug|Any CPU.Build.0 = Debug|Any CPU
		{18842B75-1A4F-4D2D-97CD-36CB21BC352D}.Release|Any CPU.ActiveCfg = Release|Any CPU
		{18842B75-1A4F-4D2D-97CD-36CB21BC352D}.Release|Any CPU.Build.0 = Release|Any CPU
	EndGlobalSection
	GlobalSection(SolutionProperties) = preSolution
		HideSolutionNode = FALSE
	EndGlobalSection
	GlobalSection(ExtensibilityGlobals) = postSolution
		SolutionGuid = {9C3CAEAB-AFAF-4496-BFA3-4AC5D3BEBB94}
	EndGlobalSection
EndGlobal
